
Microsoft Visual Studio Solution File, Format Version 12.00
# Visual Studio 15
VisualStudioVersion = 15.0.27428.2005
MinimumVisualStudioVersion = 10.0.40219.1
Project("{FAE04EC0-301F-11D3-BF4B-00C04F79EFBC}") = "UserItem", "UserItem\UserItem.csproj", "{C2665F76-6C0D-41D0-B5EC-5F781FB11BA9}"
EndProject
Global
	GlobalSection(SolutionConfigurationPlatforms) = preSolution
		Debug|Any CPU = Debug|Any CPU
		Release|Any CPU = Release|Any CPU
	EndGlobalSection
	GlobalSection(ProjectConfigurationPlatforms) = postSolution
		{C2665F76-6C0D-41D0-B5EC-5F781FB11BA9}.Debug|Any CPU.ActiveCfg = Debug|Any CPU
		{C2665F76-6C0D-41D0-B5EC-5F781FB11BA9}.Debug|Any CPU.Build.0 = Debug|Any CPU
		{C2665F76-6C0D-41D0-B5EC-5F781FB11BA9}.Release|Any CPU.ActiveCfg = Release|Any CPU
		{C2665F76-6C0D-41D0-B5EC-5F781FB11BA9}.Release|Any CPU.Build.0 = Release|Any CPU
	EndGlobalSection
	GlobalSection(SolutionProperties) = preSolution
		HideSolutionNode = FALSE
	EndGlobalSection
	GlobalSection(ExtensibilityGlobals) = postSolution
		SolutionGuid = {A53B76EE-98A0-4AF1-85EC-19F648D47F50}
	EndGlobalSection
EndGlobal
